
Microsoft Visual Studio Solution File, Format Version 12.00
# Visual Studio Version 17
VisualStudioVersion = 17.5.002.0
MinimumVisualStudioVersion = 10.0.40219.1
Project("{9A19103F-16F7-4668-BE54-9A1E7A4F7556}") = "DesafioFundamentos", "DesafioFundamentos\DesafioFundamentos.csproj", "{3990B416-00E6-411A-BE6F-A45E028C2483}"
EndProject
Global
	GlobalSection(SolutionConfigurationPlatforms) = preSolution
		Debug|Any CPU = Debug|Any CPU
		Release|Any CPU = Release|Any CPU
	EndGlobalSection
	GlobalSection(ProjectConfigurationPlatforms) = postSolution
		{3990B416-00E6-411A-BE6F-A45E028C2483}.Debug|Any CPU.ActiveCfg = Debug|Any CPU
		{3990B416-00E6-411A-BE6F-A45E028C2483}.Debug|Any CPU.Build.0 = Debug|Any CPU
		{3990B416-00E6-411A-BE6F-A45E028C2483}.Release|Any CPU.ActiveCfg = Release|Any CPU
		{3990B416-00E6-411A-BE6F-A45E028C2483}.Release|Any CPU.Build.0 = Release|Any CPU
	EndGlobalSection
	GlobalSection(SolutionProperties) = preSolution
		HideSolutionNode = FALSE
	EndGlobalSection
	GlobalSection(ExtensibilityGlobals) = postSolution
		SolutionGuid = {A4921073-5009-4D24-8D91-4A2868D6DC28}
	EndGlobalSection
EndGlobal
